
Microsoft Visual Studio Solution File, Format Version 12.00
# Visual Studio 14
VisualStudioVersion = 14.0.25420.1
MinimumVisualStudioVersion = 10.0.40219.1
Project("{FAE04EC0-301F-11D3-BF4B-00C04F79EFBC}") = "wpf-test", "wpf-test\wpf-test.csproj", "{08DCD184-1C7A-4583-B5BA-DB8AD1C797E3}"
EndProject
Global
	GlobalSection(SolutionConfigurationPlatforms) = preSolution
		Debug|Any CPU = Debug|Any CPU
		Release|Any CPU = Release|Any CPU
	EndGlobalSection
	GlobalSection(ProjectConfigurationPlatforms) = postSolution
		{08DCD184-1C7A-4583-B5BA-DB8AD1C797E3}.Debug|Any CPU.ActiveCfg = Debug|Any CPU
		{08DCD184-1C7A-4583-B5BA-DB8AD1C797E3}.Debug|Any CPU.Build.0 = Debug|Any CPU
		{08DCD184-1C7A-4583-B5BA-DB8AD1C797E3}.Release|Any CPU.ActiveCfg = Release|Any CPU
		{08DCD184-1C7A-4583-B5BA-DB8AD1C797E3}.Release|Any CPU.Build.0 = Release|Any CPU
	EndGlobalSection
	GlobalSection(SolutionProperties) = preSolution
		HideSolutionNode = FALSE
	EndGlobalSection
EndGlobal
